
Microsoft Visual Studio Solution File, Format Version 12.00
# Visual Studio 15
VisualStudioVersion = 15.0.27703.2042
MinimumVisualStudioVersion = 10.0.40219.1
Project("{9A19103F-16F7-4668-BE54-9A1E7A4F7556}") = "EasyDefine.Configuration", "EasyDefine.Configuration\EasyDefine.Configuration.csproj", "{0D2CC460-5E52-406A-970F-18B11A794F28}"
EndProject
Project("{9A19103F-16F7-4668-BE54-9A1E7A4F7556}") = "EasyDefine.Dapper", "EasyDefine.Dapper\EasyDefine.Dapper.csproj", "{A0571C2B-72D3-4440-B9A7-542CBD3F1FA7}"
EndProject
Project("{9A19103F-16F7-4668-BE54-9A1E7A4F7556}") = "EasyDefine.Net", "EasyDefine.Net\EasyDefine.Net.csproj", "{717C4458-5ED0-42FB-97F7-3FBB1708F100}"
EndProject
Project("{9A19103F-16F7-4668-BE54-9A1E7A4F7556}") = "EasyDefine.ServiceFramework", "EasyDefine.ServiceFramework\EasyDefine.ServiceFramework.csproj", "{FC6F3635-B3E8-40A5-A98D-A3FC725C61F5}"
EndProject
Project("{9A19103F-16F7-4668-BE54-9A1E7A4F7556}") = "EasyDefine.Oauth20", "EasyDefine.Oauth20\EasyDefine.Oauth20.csproj", "{33D159D8-CBBB-49D4-A841-DA16410C11FE}"
EndProject
Global
	GlobalSection(SolutionConfigurationPlatforms) = preSolution
		Debug|Any CPU = Debug|Any CPU
		Release|Any CPU = Release|Any CPU
	EndGlobalSection
	GlobalSection(ProjectConfigurationPlatforms) = postSolution
		{0D2CC460-5E52-406A-970F-18B11A794F28}.Debug|Any CPU.ActiveCfg = Debug|Any CPU
		{0D2CC460-5E52-406A-970F-18B11A794F28}.Debug|Any CPU.Build.0 = Debug|Any CPU
		{0D2CC460-5E52-406A-970F-18B11A794F28}.Release|Any CPU.ActiveCfg = Release|Any CPU
		{0D2CC460-5E52-406A-970F-18B11A794F28}.Release|Any CPU.Build.0 = Release|Any CPU
		{A0571C2B-72D3-4440-B9A7-542CBD3F1FA7}.Debug|Any CPU.ActiveCfg = Debug|Any CPU
		{A0571C2B-72D3-4440-B9A7-542CBD3F1FA7}.Debug|Any CPU.Build.0 = Debug|Any CPU
		{A0571C2B-72D3-4440-B9A7-542CBD3F1FA7}.Release|Any CPU.ActiveCfg = Release|Any CPU
		{A0571C2B-72D3-4440-B9A7-542CBD3F1FA7}.Release|Any CPU.Build.0 = Release|Any CPU
		{717C4458-5ED0-42FB-97F7-3FBB1708F100}.Debug|Any CPU.ActiveCfg = Debug|Any CPU
		{717C4458-5ED0-42FB-97F7-3FBB1708F100}.Debug|Any CPU.Build.0 = Debug|Any CPU
		{717C4458-5ED0-42FB-97F7-3FBB1708F100}.Release|Any CPU.ActiveCfg = Release|Any CPU
		{717C4458-5ED0-42FB-97F7-3FBB1708F100}.Release|Any CPU.Build.0 = Release|Any CPU
		{FC6F3635-B3E8-40A5-A98D-A3FC725C61F5}.Debug|Any CPU.ActiveCfg = Debug|Any CPU
		{FC6F3635-B3E8-40A5-A98D-A3FC725C61F5}.Debug|Any CPU.Build.0 = Debug|Any CPU
		{FC6F3635-B3E8-40A5-A98D-A3FC725C61F5}.Release|Any CPU.ActiveCfg = Release|Any CPU
		{FC6F3635-B3E8-40A5-A98D-A3FC725C61F5}.Release|Any CPU.Build.0 = Release|Any CPU
		{33D159D8-CBBB-49D4-A841-DA16410C11FE}.Debug|Any CPU.ActiveCfg = Debug|Any CPU
		{33D159D8-CBBB-49D4-A841-DA16410C11FE}.Debug|Any CPU.Build.0 = Debug|Any CPU
		{33D159D8-CBBB-49D4-A841-DA16410C11FE}.Release|Any CPU.ActiveCfg = Release|Any CPU
		{33D159D8-CBBB-49D4-A841-DA16410C11FE}.Release|Any CPU.Build.0 = Release|Any CPU
	EndGlobalSection
	GlobalSection(SolutionProperties) = preSolution
		HideSolutionNode = FALSE
	EndGlobalSection
	GlobalSection(ExtensibilityGlobals) = postSolution
		SolutionGuid = {D7CE9C1C-D592-4E79-87E3-323D2C705843}
	EndGlobalSection
EndGlobal
